<?xml version="1.0" encoding="utf-8"?>
<Project ToolsVersion="4.0" xmlns="http://schemas.microsoft.com/developer/msbuild/2003">
  <ItemGroup>
    <Filter Include="Source Files">
      <UniqueIdentifier>{4FC737F1-C7A5-4376-A066-2A32D752A2FF}</UniqueIdentifier>
      <Extensions>cpp;c;cc;cxx;def;odl;idl;hpj;bat;asm;asmx</Extensions>
    </Filter>
    <Filter Include="Header Files">
      <UniqueIdentifier>{93995380-89BD-4b04-88EB-625FBE52EBFB}</UniqueIdentifier>
      <Extensions>h;hpp;hxx;hm;inl;inc;xsd</Extensions>
    </Filter>
    <Filter Include="Resource Files">
      <UniqueIdentifier>{67DA6AB6-F800-4c08-8B7A-83BB121AAD01}</UniqueIdentifier>
      <Extensions>rc;ico;cur;bmp;dlg;rc2;rct;bin;rgs;gif;jpg;jpeg;jpe;resx;tiff;tif;png;wav;mfcribbon-ms</Extensions>
    </Filter>
  </ItemGroup>
  <ItemGroup>
    <None Include="app.ico">
      <Filter>Resource Files</Filter>
    </None>
    <None Include="..\Debug\logomarca.ico">
      <Filter>Resource Files</Filter>
    </None>
    <None Include="C:\Users\Realsoft\Documents\Visual Studio 2013\Projects\Realsoft_ModoBalanca\Realsoft_ModoBalanca\bin\Debug\Realsoft_ModoBalanca.dll" />
  </ItemGroup>
  <ItemGroup>
    <ClCompile Include="Realsoft_Caixa.cpp">
      <Filter>Source Files</Filter>
    </ClCompile>
    <ClCompile Include="AssemblyInfo.cpp">
      <Filter>Source Files</Filter>
    </ClCompile>
    <ClCompile Include="stdafx.cpp">
      <Filter>Source Files</Filter>
    </ClCompile>
    <ClCompile Include="Form2.cpp">
      <Filter>Source Files</Filter>
    </ClCompile>
    <ClCompile Include="Form3.cpp">
      <Filter>Source Files</Filter>
    </ClCompile>
    <ClCompile Include="Form4.cpp">
      <Filter>Source Files</Filter>
    </ClCompile>
    <ClCompile Include="Form5.cpp">
      <Filter>Source Files</Filter>
    </ClCompile>
    <ClCompile Include="Form6.cpp">
      <Filter>Source Files</Filter>
    </ClCompile>
    <ClCompile Include="Form7.cpp">
      <Filter>Source Files</Filter>
    </ClCompile>
    <ClCompile Include="Form8.cpp">
      <Filter>Source Files</Filter>
    </ClCompile>
    <ClCompile Include="Form9.cpp">
      <Filter>Source Files</Filter>
    </ClCompile>
    <ClCompile Include="Form10.cpp">
      <Filter>Source Files</Filter>
    </ClCompile>
    <ClCompile Include="Form11.cpp">
      <Filter>Source Files</Filter>
    </ClCompile>
    <ClCompile Include="Form12.cpp">
      <Filter>Source Files</Filter>
    </ClCompile>
    <ClCompile Include="Form15.cpp">
      <Filter>Source Files</Filter>
    </ClCompile>
    <ClCompile Include="FormTEF.cpp">
      <Filter>Source Files</Filter>
    </ClCompile>
    <ClCompile Include="Form16.cpp">
      <Filter>Source Files</Filter>
    </ClCompile>
    <ClCompile Include="FormCupom.cpp">
      <Filter>Source Files</Filter>
    </ClCompile>
    <ClCompile Include="FormTroco.cpp">
      <Filter>Source Files</Filter>
    </ClCompile>
    <ClCompile Include="FormDesconto.cpp">
      <Filter>Source Files</Filter>
    </ClCompile>
    <ClCompile Include="FormCheque.cpp">
      <Filter>Source Files</Filter>
    </ClCompile>
    <ClCompile Include="FormCartaoLoja.cpp">
      <Filter>Source Files</Filter>
    </ClCompile>
    <ClCompile Include="Form14.cpp">
      <Filter>Source Files</Filter>
    </ClCompile>
    <ClCompile Include="FormPublicidade.cpp">
      <Filter>Source Files</Filter>
    </ClCompile>
    <ClCompile Include="FormMovimentacao.cpp">
      <Filter>Source Files</Filter>
    </ClCompile>
    <ClCompile Include="FormRegistro.cpp">
      <Filter>Source Files</Filter>
    </ClCompile>
    <ClCompile Include="FormRelatorio.cpp">
      <Filter>Source Files</Filter>
    </ClCompile>
    <ClCompile Include="FormAjuda.cpp">
      <Filter>Source Files</Filter>
    </ClCompile>
    <ClCompile Include="Realsoft_Pagamento.cpp">
      <Filter>Source Files</Filter>
    </ClCompile>
    <ClCompile Include="FormAcrescimo.cpp">
      <Filter>Source Files</Filter>
    </ClCompile>
    <ClCompile Include="FormMercadorias.cpp">
      <Filter>Source Files</Filter>
    </ClCompile>
    <ClCompile Include="FormPrecos.cpp">
      <Filter>Source Files</Filter>
    </ClCompile>
    <ClCompile Include="FormPagamento.cpp">
      <Filter>Source Files</Filter>
    </ClCompile>
  </ItemGroup>
  <ItemGroup>
    <ClInclude Include="Form1.h">
      <Filter>Header Files</Filter>
    </ClInclude>
    <ClInclude Include="stdafx.h">
      <Filter>Header Files</Filter>
    </ClInclude>
    <ClInclude Include="resource.h">
      <Filter>Header Files</Filter>
    </ClInclude>
    <ClInclude Include="Form2.h">
      <Filter>Header Files</Filter>
    </ClInclude>
    <ClInclude Include="Form3.h">
      <Filter>Header Files</Filter>
    </ClInclude>
    <ClInclude Include="Form4.h">
      <Filter>Header Files</Filter>
    </ClInclude>
    <ClInclude Include="Form5.h">
      <Filter>Header Files</Filter>
    </ClInclude>
    <ClInclude Include="Form6.h">
      <Filter>Header Files</Filter>
    </ClInclude>
    <ClInclude Include="Form7.h">
      <Filter>Header Files</Filter>
    </ClInclude>
    <ClInclude Include="Form8.h">
      <Filter>Header Files</Filter>
    </ClInclude>
    <ClInclude Include="Form9.h">
      <Filter>Header Files</Filter>
    </ClInclude>
    <ClInclude Include="Form10.h">
      <Filter>Header Files</Filter>
    </ClInclude>
    <ClInclude Include="Form11.h">
      <Filter>Header Files</Filter>
    </ClInclude>
    <ClInclude Include="Form12.h">
      <Filter>Header Files</Filter>
    </ClInclude>
    <ClInclude Include="Form15.h">
      <Filter>Header Files</Filter>
    </ClInclude>
    <ClInclude Include="FormTEF.h">
      <Filter>Header Files</Filter>
    </ClInclude>
    <ClInclude Include="Form16.h">
      <Filter>Header Files</Filter>
    </ClInclude>
    <ClInclude Include="FormCupom.h">
      <Filter>Header Files</Filter>
    </ClInclude>
    <ClInclude Include="FormTroco.h">
      <Filter>Header Files</Filter>
    </ClInclude>
    <ClInclude Include="FormDesconto.h">
      <Filter>Header Files</Filter>
    </ClInclude>
    <ClInclude Include="FormCheque.h">
      <Filter>Header Files</Filter>
    </ClInclude>
    <ClInclude Include="FormCartaoLoja.h">
      <Filter>Header Files</Filter>
    </ClInclude>
    <ClInclude Include="Form14.h">
      <Filter>Header Files</Filter>
    </ClInclude>
    <ClInclude Include="FormPublicidade.h">
      <Filter>Header Files</Filter>
    </ClInclude>
    <ClInclude Include="FormMovimentacao.h">
      <Filter>Header Files</Filter>
    </ClInclude>
    <ClInclude Include="FormRegistro.h">
      <Filter>Header Files</Filter>
    </ClInclude>
    <ClInclude Include="FormRelatorio.h">
      <Filter>Header Files</Filter>
    </ClInclude>
    <ClInclude Include="FormAjuda.h">
      <Filter>Header Files</Filter>
    </ClInclude>
    <ClInclude Include="Realsoft_Pagamento.h">
      <Filter>Header Files</Filter>
    </ClInclude>
    <ClInclude Include="FormAcrescimo.h">
      <Filter>Header Files</Filter>
    </ClInclude>
    <ClInclude Include="FormMercadorias.h">
      <Filter>Header Files</Filter>
    </ClInclude>
    <ClInclude Include="FormPrecos.h">
      <Filter>Header Files</Filter>
    </ClInclude>
    <ClInclude Include="FormPagamento.h">
      <Filter>Header Files</Filter>
    </ClInclude>
  </ItemGroup>
  <ItemGroup>
    <ResourceCompile Include="app.rc">
      <Filter>Resource Files</Filter>
    </ResourceCompile>
  </ItemGroup>
  <ItemGroup>
    <EmbeddedResource Include="Form1.resX">
      <Filter>Resource Files</Filter>
    </EmbeddedResource>
    <EmbeddedResource Include="Form2.resx">
      <Filter>Resource Files</Filter>
    </EmbeddedResource>
    <EmbeddedResource Include="Form3.resx">
      <Filter>Resource Files</Filter>
    </EmbeddedResource>
    <EmbeddedResource Include="Form4.resx">
      <Filter>Resource Files</Filter>
    </EmbeddedResource>
    <EmbeddedResource Include="Form5.resx">
      <Filter>Resource Files</Filter>
    </EmbeddedResource>
    <EmbeddedResource Include="Form6.resx">
      <Filter>Resource Files</Filter>
    </EmbeddedResource>
    <EmbeddedResource Include="Form7.resx">
      <Filter>Resource Files</Filter>
    </EmbeddedResource>
    <EmbeddedResource Include="Form8.resx">
      <Filter>Resource Files</Filter>
    </EmbeddedResource>
    <EmbeddedResource Include="Form9.resx">
      <Filter>Resource Files</Filter>
    </EmbeddedResource>
    <EmbeddedResource Include="Form10.resx">
      <Filter>Resource Files</Filter>
    </EmbeddedResource>
    <EmbeddedResource Include="Form11.resx">
      <Filter>Resource Files</Filter>
    </EmbeddedResource>
    <EmbeddedResource Include="Form12.resx">
      <Filter>Resource Files</Filter>
    </EmbeddedResource>
    <EmbeddedResource Include="Form15.resx">
      <Filter>Resource Files</Filter>
    </EmbeddedResource>
    <EmbeddedResource Include="FormTEF.resx">
      <Filter>Resource Files</Filter>
    </EmbeddedResource>
    <EmbeddedResource Include="Form16.resx">
      <Filter>Resource Files</Filter>
    </EmbeddedResource>
    <EmbeddedResource Include="FormCupom.resx">
      <Filter>Resource Files</Filter>
    </EmbeddedResource>
    <EmbeddedResource Include="FormTroco.resx">
      <Filter>Resource Files</Filter>
    </EmbeddedResource>
    <EmbeddedResource Include="FormDesconto.resx">
      <Filter>Resource Files</Filter>
    </EmbeddedResource>
    <EmbeddedResource Include="FormCheque.resx">
      <Filter>Resource Files</Filter>
    </EmbeddedResource>
    <EmbeddedResource Include="FormCartaoLoja.resx">
      <Filter>Resource Files</Filter>
    </EmbeddedResource>
    <EmbeddedResource Include="Form14.resx">
      <Filter>Resource Files</Filter>
    </EmbeddedResource>
    <EmbeddedResource Include="FormPublicidade.resx">
      <Filter>Resource Files</Filter>
    </EmbeddedResource>
    <EmbeddedResource Include="FormMovimentacao.resx">
      <Filter>Resource Files</Filter>
    </EmbeddedResource>
    <EmbeddedResource Include="FormRegistro.resx">
      <Filter>Resource Files</Filter>
    </EmbeddedResource>
    <EmbeddedResource Include="FormRelatorio.resx">
      <Filter>Resource Files</Filter>
    </EmbeddedResource>
    <EmbeddedResource Include="FormAjuda.resx">
      <Filter>Resource Files</Filter>
    </EmbeddedResource>
    <EmbeddedResource Include="Realsoft_Pagamento.resx">
      <Filter>Resource Files</Filter>
    </EmbeddedResource>
    <EmbeddedResource Include="FormAcrescimo.resx">
      <Filter>Resource Files</Filter>
    </EmbeddedResource>
    <EmbeddedResource Include="FormMercadorias.resx">
      <Filter>Resource Files</Filter>
    </EmbeddedResource>
    <EmbeddedResource Include="FormPrecos.resx">
      <Filter>Resource Files</Filter>
    </EmbeddedResource>
  </ItemGroup>
</Project>