
Microsoft Visual Studio Solution File, Format Version 12.00
# Visual Studio 2013
VisualStudioVersion = 12.0.30723.0
MinimumVisualStudioVersion = 10.0.40219.1
Project("{8BC9CEB8-8B4A-11D0-8D11-00A0C91BC942}") = "Realsoft_Caixa", "Realsoft_Caixa\Realsoft_Caixa.vcxproj", "{7866C496-ECF0-4DBE-A691-80EE79C9BD96}"
EndProject
Global
	GlobalSection(SolutionConfigurationPlatforms) = preSolution
		Debug|Win32 = Debug|Win32
		Release|Win32 = Release|Win32
	EndGlobalSection
	GlobalSection(ProjectConfigurationPlatforms) = postSolution
		{7866C496-ECF0-4DBE-A691-80EE79C9BD96}.Debug|Win32.ActiveCfg = Debug|Win32
		{7866C496-ECF0-4DBE-A691-80EE79C9BD96}.Debug|Win32.Build.0 = Debug|Win32
		{7866C496-ECF0-4DBE-A691-80EE79C9BD96}.Release|Win32.ActiveCfg = Release|Win32
		{7866C496-ECF0-4DBE-A691-80EE79C9BD96}.Release|Win32.Build.0 = Release|Win32
	EndGlobalSection
	GlobalSection(SolutionProperties) = preSolution
		HideSolutionNode = FALSE
	EndGlobalSection
EndGlobal
